
Microsoft Visual Studio Solution File, Format Version 12.00
# Visual Studio Version 17
VisualStudioVersion = 17.9.34622.214
MinimumVisualStudioVersion = 10.0.40219.1
Project("{9A19103F-16F7-4668-BE54-9A1E7A4F7556}") = "CheckEyePro.Api", "Graduation\CheckEyePro.Api.csproj", "{A0374DEE-219F-4729-B0DD-A00B9E275DEB}"
EndProject
Project("{FAE04EC0-301F-11D3-BF4B-00C04F79EFBC}") = "CheckEyePro.Core", "CheckEyePro.Core\CheckEyePro.Core.csproj", "{4FF75250-B83C-423E-9184-A0BC3ED46FE9}"
EndProject
Project("{FAE04EC0-301F-11D3-BF4B-00C04F79EFBC}") = "CheckEyePro.EF", "CheckEyePro.EF\CheckEyePro.EF.csproj", "{CD454F76-0A48-466B-84B0-28F1A235FD13}"
EndProject
Global
	GlobalSection(SolutionConfigurationPlatforms) = preSolution
		Debug|Any CPU = Debug|Any CPU
		Release|Any CPU = Release|Any CPU
	EndGlobalSection
	GlobalSection(ProjectConfigurationPlatforms) = postSolution
		{A0374DEE-219F-4729-B0DD-A00B9E275DEB}.Debug|Any CPU.ActiveCfg = Debug|Any CPU
		{A0374DEE-219F-4729-B0DD-A00B9E275DEB}.Debug|Any CPU.Build.0 = Debug|Any CPU
		{A0374DEE-219F-4729-B0DD-A00B9E275DEB}.Release|Any CPU.ActiveCfg = Release|Any CPU
		{A0374DEE-219F-4729-B0DD-A00B9E275DEB}.Release|Any CPU.Build.0 = Release|Any CPU
		{4FF75250-B83C-423E-9184-A0BC3ED46FE9}.Debug|Any CPU.ActiveCfg = Debug|Any CPU
		{4FF75250-B83C-423E-9184-A0BC3ED46FE9}.Debug|Any CPU.Build.0 = Debug|Any CPU
		{4FF75250-B83C-423E-9184-A0BC3ED46FE9}.Release|Any CPU.ActiveCfg = Release|Any CPU
		{4FF75250-B83C-423E-9184-A0BC3ED46FE9}.Release|Any CPU.Build.0 = Release|Any CPU
		{CD454F76-0A48-466B-84B0-28F1A235FD13}.Debug|Any CPU.ActiveCfg = Debug|Any CPU
		{CD454F76-0A48-466B-84B0-28F1A235FD13}.Debug|Any CPU.Build.0 = Debug|Any CPU
		{CD454F76-0A48-466B-84B0-28F1A235FD13}.Release|Any CPU.ActiveCfg = Release|Any CPU
		{CD454F76-0A48-466B-84B0-28F1A235FD13}.Release|Any CPU.Build.0 = Release|Any CPU
	EndGlobalSection
	GlobalSection(SolutionProperties) = preSolution
		HideSolutionNode = FALSE
	EndGlobalSection
	GlobalSection(ExtensibilityGlobals) = postSolution
		SolutionGuid = {B35AA140-0CB4-4E71-834C-4AA03A1F1261}
	EndGlobalSection
EndGlobal
